// !$*UTF8*$!
{
	archiveVersion = 1;
	classes = {
	};
	objectVersion = 50;
	objects = {

/* Begin PBXBuildFile section */
		1456E37322C1C2A900F74BD1 /* response.json in Resources */ = {isa = PBXBuildFile; fileRef = 1456E37222C1C2A900F74BD1 /* response.json */; };
		1493346A22BFC05000612843 /* Constants.swift in Sources */ = {isa = PBXBuildFile; fileRef = 1493346922BFC05000612843 /* Constants.swift */; };
		14CE198422BE4E5F002813F1 /* AppDelegate.swift in Sources */ = {isa = PBXBuildFile; fileRef = 14CE198322BE4E5F002813F1 /* AppDelegate.swift */; };
		14CE198622BE4E5F002813F1 /* ViewController.swift in Sources */ = {isa = PBXBuildFile; fileRef = 14CE198522BE4E5F002813F1 /* ViewController.swift */; };
		14CE198922BE4E5F002813F1 /* Main.storyboard in Resources */ = {isa = PBXBuildFile; fileRef = 14CE198722BE4E5F002813F1 /* Main.storyboard */; };
		14CE198B22BE4E60002813F1 /* Assets.xcassets in Resources */ = {isa = PBXBuildFile; fileRef = 14CE198A22BE4E60002813F1 /* Assets.xcassets */; };
		14CE198E22BE4E60002813F1 /* LaunchScreen.storyboard in Resources */ = {isa = PBXBuildFile; fileRef = 14CE198C22BE4E60002813F1 /* LaunchScreen.storyboard */; };
		14CE199922BE4E60002813F1 /* HackerRankProjectTests.swift in Sources */ = {isa = PBXBuildFile; fileRef = 14CE199822BE4E60002813F1 /* HackerRankProjectTests.swift */; };
		14CE19A422BE4E60002813F1 /* HackerRankProjectUITests.swift in Sources */ = {isa = PBXBuildFile; fileRef = 14CE19A322BE4E60002813F1 /* HackerRankProjectUITests.swift */; };
		14CE19B222BE6ABF002813F1 /* Model.swift in Sources */ = {isa = PBXBuildFile; fileRef = 14CE19B122BE6ABF002813F1 /* Model.swift */; };
		14CE19B422BE6D14002813F1 /* ServiceLayer.swift in Sources */ = {isa = PBXBuildFile; fileRef = 14CE19B322BE6D14002813F1 /* ServiceLayer.swift */; };
		14CE19B622BE6DC3002813F1 /* Feature.swift in Sources */ = {isa = PBXBuildFile; fileRef = 14CE19B522BE6DC3002813F1 /* Feature.swift */; };
		1C13E4C8A9C13B1042E5012D /* Pods_HackerRankProjectUITests.framework in Frameworks */ = {isa = PBXBuildFile; fileRef = BF5C426BE2A52A569E6E4CB0 /* Pods_HackerRankProjectUITests.framework */; };
		CFA8E336A3492A55FAF8746B /* Pods_HackerRankProject.framework in Frameworks */ = {isa = PBXBuildFile; fileRef = A492F67224733D8883192989 /* Pods_HackerRankProject.framework */; };
		F3C016B222C0E86E00DB21D8 /* AttributesCell.swift in Sources */ = {isa = PBXBuildFile; fileRef = F3C016B122C0E86E00DB21D8 /* AttributesCell.swift */; };
		F3C016B822C0EB3600DB21D8 /* Extension.swift in Sources */ = {isa = PBXBuildFile; fileRef = F3C016B722C0EB3600DB21D8 /* Extension.swift */; };
		FBA34DF41DC352D2F995B40A /* Pods_HackerRankProjectTests.framework in Frameworks */ = {isa = PBXBuildFile; fileRef = CDA8342A434B9B44E5EFB46D /* Pods_HackerRankProjectTests.framework */; };
/* End PBXBuildFile section */

/* Begin PBXContainerItemProxy section */
		14CE199522BE4E60002813F1 /* PBXContainerItemProxy */ = {
			isa = PBXContainerItemProxy;
			containerPortal = 14CE197822BE4E5F002813F1 /* Project object */;
			proxyType = 1;
			remoteGlobalIDString = 14CE197F22BE4E5F002813F1;
			remoteInfo = HackerRankProject;
		};
		14CE19A022BE4E60002813F1 /* PBXContainerItemProxy */ = {
			isa = PBXContainerItemProxy;
			containerPortal = 14CE197822BE4E5F002813F1 /* Project object */;
			proxyType = 1;
			remoteGlobalIDString = 14CE197F22BE4E5F002813F1;
			remoteInfo = HackerRankProject;
		};
/* End PBXContainerItemProxy section */

/* Begin PBXFileReference section */
		0F982EB302A12532828D067A /* Pods-HackerRankProjectTests.release.xcconfig */ = {isa = PBXFileReference; includeInIndex = 1; lastKnownFileType = text.xcconfig; name = "Pods-HackerRankProjectTests.release.xcconfig"; path = "Target Support Files/Pods-HackerRankProjectTests/Pods-HackerRankProjectTests.release.xcconfig"; sourceTree = "<group>"; };
		1456E37222C1C2A900F74BD1 /* response.json */ = {isa = PBXFileReference; lastKnownFileType = text.json; name = response.json; path = "HackerRankProject/Helper classes/response.json"; sourceTree = SOURCE_ROOT; };
		1493346922BFC05000612843 /* Constants.swift */ = {isa = PBXFileReference; lastKnownFileType = sourcecode.swift; path = Constants.swift; sourceTree = "<group>"; };
		14CE198022BE4E5F002813F1 /* HackerRankProject.app */ = {isa = PBXFileReference; explicitFileType = wrapper.application; includeInIndex = 0; path = HackerRankProject.app; sourceTree = BUILT_PRODUCTS_DIR; };
		14CE198322BE4E5F002813F1 /* AppDelegate.swift */ = {isa = PBXFileReference; lastKnownFileType = sourcecode.swift; path = AppDelegate.swift; sourceTree = "<group>"; };
		14CE198522BE4E5F002813F1 /* ViewController.swift */ = {isa = PBXFileReference; lastKnownFileType = sourcecode.swift; path = ViewController.swift; sourceTree = "<group>"; };
		14CE198822BE4E5F002813F1 /* Base */ = {isa = PBXFileReference; lastKnownFileType = file.storyboard; name = Base; path = Base.lproj/Main.storyboard; sourceTree = "<group>"; };
		14CE198A22BE4E60002813F1 /* Assets.xcassets */ = {isa = PBXFileReference; lastKnownFileType = folder.assetcatalog; path = Assets.xcassets; sourceTree = "<group>"; };
		14CE198D22BE4E60002813F1 /* Base */ = {isa = PBXFileReference; lastKnownFileType = file.storyboard; name = Base; path = Base.lproj/LaunchScreen.storyboard; sourceTree = "<group>"; };
		14CE198F22BE4E60002813F1 /* Info.plist */ = {isa = PBXFileReference; lastKnownFileType = text.plist.xml; path = Info.plist; sourceTree = "<group>"; };
		14CE199422BE4E60002813F1 /* HackerRankProjectTests.xctest */ = {isa = PBXFileReference; explicitFileType = wrapper.cfbundle; includeInIndex = 0; path = HackerRankProjectTests.xctest; sourceTree = BUILT_PRODUCTS_DIR; };
		14CE199822BE4E60002813F1 /* HackerRankProjectTests.swift */ = {isa = PBXFileReference; lastKnownFileType = sourcecode.swift; path = HackerRankProjectTests.swift; sourceTree = "<group>"; };
		14CE199A22BE4E60002813F1 /* Info.plist */ = {isa = PBXFileReference; lastKnownFileType = text.plist.xml; path = Info.plist; sourceTree = "<group>"; };
		14CE199F22BE4E60002813F1 /* HackerRankProjectUITests.xctest */ = {isa = PBXFileReference; explicitFileType = wrapper.cfbundle; includeInIndex = 0; path = HackerRankProjectUITests.xctest; sourceTree = BUILT_PRODUCTS_DIR; };
		14CE19A322BE4E60002813F1 /* HackerRankProjectUITests.swift */ = {isa = PBXFileReference; lastKnownFileType = sourcecode.swift; path = HackerRankProjectUITests.swift; sourceTree = "<group>"; };
		14CE19A522BE4E60002813F1 /* Info.plist */ = {isa = PBXFileReference; lastKnownFileType = text.plist.xml; path = Info.plist; sourceTree = "<group>"; };
		14CE19B122BE6ABF002813F1 /* Model.swift */ = {isa = PBXFileReference; lastKnownFileType = sourcecode.swift; path = Model.swift; sourceTree = "<group>"; };
		14CE19B322BE6D14002813F1 /* ServiceLayer.swift */ = {isa = PBXFileReference; lastKnownFileType = sourcecode.swift; path = ServiceLayer.swift; sourceTree = "<group>"; };
		14CE19B522BE6DC3002813F1 /* Feature.swift */ = {isa = PBXFileReference; lastKnownFileType = sourcecode.swift; path = Feature.swift; sourceTree = "<group>"; };
		66034FF3808DBE89ADF5D204 /* Pods-HackerRankProjectUITests.debug.xcconfig */ = {isa = PBXFileReference; includeInIndex = 1; lastKnownFileType = text.xcconfig; name = "Pods-HackerRankProjectUITests.debug.xcconfig"; path = "Target Support Files/Pods-HackerRankProjectUITests/Pods-HackerRankProjectUITests.debug.xcconfig"; sourceTree = "<group>"; };
		7987C3A77DBDC3DB1C212581 /* Pods-HackerRankProject.debug.xcconfig */ = {isa = PBXFileReference; includeInIndex = 1; lastKnownFileType = text.xcconfig; name = "Pods-HackerRankProject.debug.xcconfig"; path = "Target Support Files/Pods-HackerRankProject/Pods-HackerRankProject.debug.xcconfig"; sourceTree = "<group>"; };
		79D5E6B71D73E551B728D8FB /* Pods-HackerRankProject.release.xcconfig */ = {isa = PBXFileReference; includeInIndex = 1; lastKnownFileType = text.xcconfig; name = "Pods-HackerRankProject.release.xcconfig"; path = "Target Support Files/Pods-HackerRankProject/Pods-HackerRankProject.release.xcconfig"; sourceTree = "<group>"; };
		A492F67224733D8883192989 /* Pods_HackerRankProject.framework */ = {isa = PBXFileReference; explicitFileType = wrapper.framework; includeInIndex = 0; path = Pods_HackerRankProject.framework; sourceTree = BUILT_PRODUCTS_DIR; };
		A8B197E6F3350489241C903C /* Pods-HackerRankProjectTests.debug.xcconfig */ = {isa = PBXFileReference; includeInIndex = 1; lastKnownFileType = text.xcconfig; name = "Pods-HackerRankProjectTests.debug.xcconfig"; path = "Target Support Files/Pods-HackerRankProjectTests/Pods-HackerRankProjectTests.debug.xcconfig"; sourceTree = "<group>"; };
		BF5C426BE2A52A569E6E4CB0 /* Pods_HackerRankProjectUITests.framework */ = {isa = PBXFileReference; explicitFileType = wrapper.framework; includeInIndex = 0; path = Pods_HackerRankProjectUITests.framework; sourceTree = BUILT_PRODUCTS_DIR; };
		CDA8342A434B9B44E5EFB46D /* Pods_HackerRankProjectTests.framework */ = {isa = PBXFileReference; explicitFileType = wrapper.framework; includeInIndex = 0; path = Pods_HackerRankProjectTests.framework; sourceTree = BUILT_PRODUCTS_DIR; };
		D1B73B9B56908134A5432678 /* Pods-HackerRankProjectUITests.release.xcconfig */ = {isa = PBXFileReference; includeInIndex = 1; lastKnownFileType = text.xcconfig; name = "Pods-HackerRankProjectUITests.release.xcconfig"; path = "Target Support Files/Pods-HackerRankProjectUITests/Pods-HackerRankProjectUITests.release.xcconfig"; sourceTree = "<group>"; };
		F3C016B122C0E86E00DB21D8 /* AttributesCell.swift */ = {isa = PBXFileReference; lastKnownFileType = sourcecode.swift; path = AttributesCell.swift; sourceTree = "<group>"; };
		F3C016B722C0EB3600DB21D8 /* Extension.swift */ = {isa = PBXFileReference; lastKnownFileType = sourcecode.swift; path = Extension.swift; sourceTree = "<group>"; };
/* End PBXFileReference section */

/* Begin PBXFrameworksBuildPhase section */
		14CE197D22BE4E5F002813F1 /* Frameworks */ = {
			isa = PBXFrameworksBuildPhase;
			buildActionMask = 2147483647;
			files = (
				CFA8E336A3492A55FAF8746B /* Pods_HackerRankProject.framework in Frameworks */,
			);
			runOnlyForDeploymentPostprocessing = 0;
		};
		14CE199122BE4E60002813F1 /* Frameworks */ = {
			isa = PBXFrameworksBuildPhase;
			buildActionMask = 2147483647;
			files = (
				FBA34DF41DC352D2F995B40A /* Pods_HackerRankProjectTests.framework in Frameworks */,
			);
			runOnlyForDeploymentPostprocessing = 0;
		};
		14CE199C22BE4E60002813F1 /* Frameworks */ = {
			isa = PBXFrameworksBuildPhase;
			buildActionMask = 2147483647;
			files = (
				1C13E4C8A9C13B1042E5012D /* Pods_HackerRankProjectUITests.framework in Frameworks */,
			);
			runOnlyForDeploymentPostprocessing = 0;
		};
/* End PBXFrameworksBuildPhase section */

/* Begin PBXGroup section */
		1493346B22BFE73300612843 /* Data Model */ = {
			isa = PBXGroup;
			children = (
				14CE19B122BE6ABF002813F1 /* Model.swift */,
				1456E37222C1C2A900F74BD1 /* response.json */,
			);
			path = "Data Model";
			sourceTree = "<group>";
		};
		1493346C22BFE78200612843 /* Views */ = {
			isa = PBXGroup;
			children = (
				14CE198522BE4E5F002813F1 /* ViewController.swift */,
				F3C016B122C0E86E00DB21D8 /* AttributesCell.swift */,
				14CE198722BE4E5F002813F1 /* Main.storyboard */,
				14CE198C22BE4E60002813F1 /* LaunchScreen.storyboard */,
			);
			path = Views;
			sourceTree = "<group>";
		};
		1493346D22BFE82500612843 /* Helper classes */ = {
			isa = PBXGroup;
			children = (
				1493346922BFC05000612843 /* Constants.swift */,
				14CE19B322BE6D14002813F1 /* ServiceLayer.swift */,
				F3C016B722C0EB3600DB21D8 /* Extension.swift */,
			);
			path = "Helper classes";
			sourceTree = "<group>";
		};
		1493346E22BFEAA900612843 /* Manager */ = {
			isa = PBXGroup;
			children = (
				14CE19B522BE6DC3002813F1 /* Feature.swift */,
			);
			path = Manager;
			sourceTree = "<group>";
		};
		14CE197722BE4E5F002813F1 = {
			isa = PBXGroup;
			children = (
				14CE198222BE4E5F002813F1 /* HackerRankProject */,
				14CE199722BE4E60002813F1 /* HackerRankProjectTests */,
				14CE19A222BE4E60002813F1 /* HackerRankProjectUITests */,
				14CE198122BE4E5F002813F1 /* Products */,
				D9FEE98859E124B20FB15E1F /* Pods */,
				D3CC143795339EC8B5E4CD40 /* Frameworks */,
			);
			sourceTree = "<group>";
		};
		14CE198122BE4E5F002813F1 /* Products */ = {
			isa = PBXGroup;
			children = (
				14CE198022BE4E5F002813F1 /* HackerRankProject.app */,
				14CE199422BE4E60002813F1 /* HackerRankProjectTests.xctest */,
				14CE199F22BE4E60002813F1 /* HackerRankProjectUITests.xctest */,
			);
			name = Products;
			sourceTree = "<group>";
		};
		14CE198222BE4E5F002813F1 /* HackerRankProject */ = {
			isa = PBXGroup;
			children = (
				1493346C22BFE78200612843 /* Views */,
				1493346E22BFEAA900612843 /* Manager */,
				1493346B22BFE73300612843 /* Data Model */,
				1493346D22BFE82500612843 /* Helper classes */,
				14CE198322BE4E5F002813F1 /* AppDelegate.swift */,
				14CE198A22BE4E60002813F1 /* Assets.xcassets */,
				14CE198F22BE4E60002813F1 /* Info.plist */,
			);
			path = HackerRankProject;
			sourceTree = "<group>";
		};
		14CE199722BE4E60002813F1 /* HackerRankProjectTests */ = {
			isa = PBXGroup;
			children = (
				14CE199822BE4E60002813F1 /* HackerRankProjectTests.swift */,
				14CE199A22BE4E60002813F1 /* Info.plist */,
			);
			path = HackerRankProjectTests;
			sourceTree = "<group>";
		};
		14CE19A222BE4E60002813F1 /* HackerRankProjectUITests */ = {
			isa = PBXGroup;
			children = (
				14CE19A322BE4E60002813F1 /* HackerRankProjectUITests.swift */,
				14CE19A522BE4E60002813F1 /* Info.plist */,
			);
			path = HackerRankProjectUITests;
			sourceTree = "<group>";
		};
		D3CC143795339EC8B5E4CD40 /* Frameworks */ = {
			isa = PBXGroup;
			children = (
				A492F67224733D8883192989 /* Pods_HackerRankProject.framework */,
				CDA8342A434B9B44E5EFB46D /* Pods_HackerRankProjectTests.framework */,
				BF5C426BE2A52A569E6E4CB0 /* Pods_HackerRankProjectUITests.framework */,
			);
			name = Frameworks;
			sourceTree = "<group>";
		};
		D9FEE98859E124B20FB15E1F /* Pods */ = {
			isa = PBXGroup;
			children = (
				7987C3A77DBDC3DB1C212581 /* Pods-HackerRankProject.debug.xcconfig */,
				79D5E6B71D73E551B728D8FB /* Pods-HackerRankProject.release.xcconfig */,
				A8B197E6F3350489241C903C /* Pods-HackerRankProjectTests.debug.xcconfig */,
				0F982EB302A12532828D067A /* Pods-HackerRankProjectTests.release.xcconfig */,
				66034FF3808DBE89ADF5D204 /* Pods-HackerRankProjectUITests.debug.xcconfig */,
				D1B73B9B56908134A5432678 /* Pods-HackerRankProjectUITests.release.xcconfig */,
			);
			path = Pods;
			sourceTree = "<group>";
		};
/* End PBXGroup section */

/* Begin PBXNativeTarget section */
		14CE197F22BE4E5F002813F1 /* HackerRankProject */ = {
			isa = PBXNativeTarget;
			buildConfigurationList = 14CE19A822BE4E60002813F1 /* Build configuration list for PBXNativeTarget "HackerRankProject" */;
			buildPhases = (
				0C4DF94A1E028E99D5097FD7 /* [CP] Check Pods Manifest.lock */,
				14CE197C22BE4E5F002813F1 /* Sources */,
				14CE197D22BE4E5F002813F1 /* Frameworks */,
				14CE197E22BE4E5F002813F1 /* Resources */,
				4423E01F353B44CC3519E0E8 /* [CP] Embed Pods Frameworks */,
			);
			buildRules = (
			);
			dependencies = (
			);
			name = HackerRankProject;
			productName = HackerRankProject;
			productReference = 14CE198022BE4E5F002813F1 /* HackerRankProject.app */;
			productType = "com.apple.product-type.application";
		};
		14CE199322BE4E60002813F1 /* HackerRankProjectTests */ = {
			isa = PBXNativeTarget;
			buildConfigurationList = 14CE19AB22BE4E60002813F1 /* Build configuration list for PBXNativeTarget "HackerRankProjectTests" */;
			buildPhases = (
				5FC75CC65C38356553802F17 /* [CP] Check Pods Manifest.lock */,
				14CE199022BE4E60002813F1 /* Sources */,
				14CE199122BE4E60002813F1 /* Frameworks */,
				14CE199222BE4E60002813F1 /* Resources */,
			);
			buildRules = (
			);
			dependencies = (
				14CE199622BE4E60002813F1 /* PBXTargetDependency */,
			);
			name = HackerRankProjectTests;
			productName = HackerRankProjectTests;
			productReference = 14CE199422BE4E60002813F1 /* HackerRankProjectTests.xctest */;
			productType = "com.apple.product-type.bundle.unit-test";
		};
		14CE199E22BE4E60002813F1 /* HackerRankProjectUITests */ = {
			isa = PBXNativeTarget;
			buildConfigurationList = 14CE19AE22BE4E60002813F1 /* Build configuration list for PBXNativeTarget "HackerRankProjectUITests" */;
			buildPhases = (
				F9F78CA0FC15089D92FE8B97 /* [CP] Check Pods Manifest.lock */,
				14CE199B22BE4E60002813F1 /* Sources */,
				14CE199C22BE4E60002813F1 /* Frameworks */,
				14CE199D22BE4E60002813F1 /* Resources */,
			);
			buildRules = (
			);
			dependencies = (
				14CE19A122BE4E60002813F1 /* PBXTargetDependency */,
			);
			name = HackerRankProjectUITests;
			productName = HackerRankProjectUITests;
			productReference = 14CE199F22BE4E60002813F1 /* HackerRankProjectUITests.xctest */;
			productType = "com.apple.product-type.bundle.ui-testing";
		};
/* End PBXNativeTarget section */

/* Begin PBXProject section */
		14CE197822BE4E5F002813F1 /* Project object */ = {
			isa = PBXProject;
			attributes = {
				LastSwiftUpdateCheck = 1010;
				LastUpgradeCheck = 1010;
				ORGANIZATIONNAME = Company;
				TargetAttributes = {
					14CE197F22BE4E5F002813F1 = {
						CreatedOnToolsVersion = 10.1;
					};
					14CE199322BE4E60002813F1 = {
						CreatedOnToolsVersion = 10.1;
						TestTargetID = 14CE197F22BE4E5F002813F1;
					};
					14CE199E22BE4E60002813F1 = {
						CreatedOnToolsVersion = 10.1;
						TestTargetID = 14CE197F22BE4E5F002813F1;
					};
				};
			};
			buildConfigurationList = 14CE197B22BE4E5F002813F1 /* Build configuration list for PBXProject "HackerRankProject" */;
			compatibilityVersion = "Xcode 9.3";
			developmentRegion = en;
			hasScannedForEncodings = 0;
			knownRegions = (
				en,
				Base,
			);
			mainGroup = 14CE197722BE4E5F002813F1;
			productRefGroup = 14CE198122BE4E5F002813F1 /* Products */;
			projectDirPath = "";
			projectRoot = "";
			targets = (
				14CE197F22BE4E5F002813F1 /* HackerRankProject */,
				14CE199322BE4E60002813F1 /* HackerRankProjectTests */,
				14CE199E22BE4E60002813F1 /* HackerRankProjectUITests */,
			);
		};
/* End PBXProject section */

/* Begin PBXResourcesBuildPhase section */
		14CE197E22BE4E5F002813F1 /* Resources */ = {
			isa = PBXResourcesBuildPhase;
			buildActionMask = 2147483647;
			files = (
				1456E37322C1C2A900F74BD1 /* response.json in Resources */,
				14CE198E22BE4E60002813F1 /* LaunchScreen.storyboard in Resources */,
				14CE198B22BE4E60002813F1 /* Assets.xcassets in Resources */,
				14CE198922BE4E5F002813F1 /* Main.storyboard in Resources */,
			);
			runOnlyForDeploymentPostprocessing = 0;
		};
		14CE199222BE4E60002813F1 /* Resources */ = {
			isa = PBXResourcesBuildPhase;
			buildActionMask = 2147483647;
			files = (
			);
			runOnlyForDeploymentPostprocessing = 0;
		};
		14CE199D22BE4E60002813F1 /* Resources */ = {
			isa = PBXResourcesBuildPhase;
			buildActionMask = 2147483647;
			files = (
			);
			runOnlyForDeploymentPostprocessing = 0;
		};
/* End PBXResourcesBuildPhase section */

/* Begin PBXShellScriptBuildPhase section */
		0C4DF94A1E028E99D5097FD7 /* [CP] Check Pods Manifest.lock */ = {
			isa = PBXShellScriptBuildPhase;
			buildActionMask = 2147483647;
			files = (
			);
			inputFileListPaths = (
			);
			inputPaths = (
				"${PODS_PODFILE_DIR_PATH}/Podfile.lock",
				"${PODS_ROOT}/Manifest.lock",
			);
			name = "[CP] Check Pods Manifest.lock";
			outputFileListPaths = (
			);
			outputPaths = (
				"$(DERIVED_FILE_DIR)/Pods-HackerRankProject-checkManifestLockResult.txt",
			);
			runOnlyForDeploymentPostprocessing = 0;
			shellPath = /bin/sh;
			shellScript = "diff \"${PODS_PODFILE_DIR_PATH}/Podfile.lock\" \"${PODS_ROOT}/Manifest.lock\" > /dev/null\nif [ $? != 0 ] ; then\n    # print error to STDERR\n    echo \"error: The sandbox is not in sync with the Podfile.lock. Run 'pod install' or update your CocoaPods installation.\" >&2\n    exit 1\nfi\n# This output is used by Xcode 'outputs' to avoid re-running this script phase.\necho \"SUCCESS\" > \"${SCRIPT_OUTPUT_FILE_0}\"\n";
			showEnvVarsInLog = 0;
		};
		4423E01F353B44CC3519E0E8 /* [CP] Embed Pods Frameworks */ = {
			isa = PBXShellScriptBuildPhase;
			buildActionMask = 2147483647;
			files = (
			);
			inputFileListPaths = (
			);
			inputPaths = (
				"${PODS_ROOT}/Target Support Files/Pods-HackerRankProject/Pods-HackerRankProject-frameworks.sh",
				"${BUILT_PRODUCTS_DIR}/PullToRefreshKit/PullToRefreshKit.framework",
			);
			name = "[CP] Embed Pods Frameworks";
			outputFileListPaths = (
			);
			outputPaths = (
				"${TARGET_BUILD_DIR}/${FRAMEWORKS_FOLDER_PATH}/PullToRefreshKit.framework",
			);
			runOnlyForDeploymentPostprocessing = 0;
			shellPath = /bin/sh;
			shellScript = "\"${PODS_ROOT}/Target Support Files/Pods-HackerRankProject/Pods-HackerRankProject-frameworks.sh\"\n";
			showEnvVarsInLog = 0;
		};
		5FC75CC65C38356553802F17 /* [CP] Check Pods Manifest.lock */ = {
			isa = PBXShellScriptBuildPhase;
			buildActionMask = 2147483647;
			files = (
			);
			inputFileListPaths = (
			);
			inputPaths = (
				"${PODS_PODFILE_DIR_PATH}/Podfile.lock",
				"${PODS_ROOT}/Manifest.lock",
			);
			name = "[CP] Check Pods Manifest.lock";
			outputFileListPaths = (
			);
			outputPaths = (
				"$(DERIVED_FILE_DIR)/Pods-HackerRankProjectTests-checkManifestLockResult.txt",
			);
			runOnlyForDeploymentPostprocessing = 0;
			shellPath = /bin/sh;
			shellScript = "diff \"${PODS_PODFILE_DIR_PATH}/Podfile.lock\" \"${PODS_ROOT}/Manifest.lock\" > /dev/null\nif [ $? != 0 ] ; then\n    # print error to STDERR\n    echo \"error: The sandbox is not in sync with the Podfile.lock. Run 'pod install' or update your CocoaPods installation.\" >&2\n    exit 1\nfi\n# This output is used by Xcode 'outputs' to avoid re-running this script phase.\necho \"SUCCESS\" > \"${SCRIPT_OUTPUT_FILE_0}\"\n";
			showEnvVarsInLog = 0;
		};
		F9F78CA0FC15089D92FE8B97 /* [CP] Check Pods Manifest.lock */ = {
			isa = PBXShellScriptBuildPhase;
			buildActionMask = 2147483647;
			files = (
			);
			inputFileListPaths = (
			);
			inputPaths = (
				"${PODS_PODFILE_DIR_PATH}/Podfile.lock",
				"${PODS_ROOT}/Manifest.lock",
			);
			name = "[CP] Check Pods Manifest.lock";
			outputFileListPaths = (
			);
			outputPaths = (
				"$(DERIVED_FILE_DIR)/Pods-HackerRankProjectUITests-checkManifestLockResult.txt",
			);
			runOnlyForDeploymentPostprocessing = 0;
			shellPath = /bin/sh;
			shellScript = "diff \"${PODS_PODFILE_DIR_PATH}/Podfile.lock\" \"${PODS_ROOT}/Manifest.lock\" > /dev/null\nif [ $? != 0 ] ; then\n    # print error to STDERR\n    echo \"error: The sandbox is not in sync with the Podfile.lock. Run 'pod install' or update your CocoaPods installation.\" >&2\n    exit 1\nfi\n# This output is used by Xcode 'outputs' to avoid re-running this script phase.\necho \"SUCCESS\" > \"${SCRIPT_OUTPUT_FILE_0}\"\n";
			showEnvVarsInLog = 0;
		};
/* End PBXShellScriptBuildPhase section */

/* Begin PBXSourcesBuildPhase section */
		14CE197C22BE4E5F002813F1 /* Sources */ = {
			isa = PBXSourcesBuildPhase;
			buildActionMask = 2147483647;
			files = (
				14CE19B222BE6ABF002813F1 /* Model.swift in Sources */,
				14CE198622BE4E5F002813F1 /* ViewController.swift in Sources */,
				14CE19B622BE6DC3002813F1 /* Feature.swift in Sources */,
				14CE198422BE4E5F002813F1 /* AppDelegate.swift in Sources */,
				14CE19B422BE6D14002813F1 /* ServiceLayer.swift in Sources */,
				1493346A22BFC05000612843 /* Constants.swift in Sources */,
				F3C016B222C0E86E00DB21D8 /* AttributesCell.swift in Sources */,
				F3C016B822C0EB3600DB21D8 /* Extension.swift in Sources */,
			);
			runOnlyForDeploymentPostprocessing = 0;
		};
		14CE199022BE4E60002813F1 /* Sources */ = {
			isa = PBXSourcesBuildPhase;
			buildActionMask = 2147483647;
			files = (
				14CE199922BE4E60002813F1 /* HackerRankProjectTests.swift in Sources */,
			);
			runOnlyForDeploymentPostprocessing = 0;
		};
		14CE199B22BE4E60002813F1 /* Sources */ = {
			isa = PBXSourcesBuildPhase;
			buildActionMask = 2147483647;
			files = (
				14CE19A422BE4E60002813F1 /* HackerRankProjectUITests.swift in Sources */,
			);
			runOnlyForDeploymentPostprocessing = 0;
		};
/* End PBXSourcesBuildPhase section */

/* Begin PBXTargetDependency section */
		14CE199622BE4E60002813F1 /* PBXTargetDependency */ = {
			isa = PBXTargetDependency;
			target = 14CE197F22BE4E5F002813F1 /* HackerRankProject */;
			targetProxy = 14CE199522BE4E60002813F1 /* PBXContainerItemProxy */;
		};
		14CE19A122BE4E60002813F1 /* PBXTargetDependency */ = {
			isa = PBXTargetDependency;
			target = 14CE197F22BE4E5F002813F1 /* HackerRankProject */;
			targetProxy = 14CE19A022BE4E60002813F1 /* PBXContainerItemProxy */;
		};
/* End PBXTargetDependency section */

/* Begin PBXVariantGroup section */
		14CE198722BE4E5F002813F1 /* Main.storyboard */ = {
			isa = PBXVariantGroup;
			children = (
				14CE198822BE4E5F002813F1 /* Base */,
			);
			name = Main.storyboard;
			sourceTree = "<group>";
		};
		14CE198C22BE4E60002813F1 /* LaunchScreen.storyboard */ = {
			isa = PBXVariantGroup;
			children = (
				14CE198D22BE4E60002813F1 /* Base */,
			);
			name = LaunchScreen.storyboard;
			sourceTree = "<group>";
		};
/* End PBXVariantGroup section */

/* Begin XCBuildConfiguration section */
		14CE19A622BE4E60002813F1 /* Debug */ = {
			isa = XCBuildConfiguration;
			buildSettings = {
				ALWAYS_SEARCH_USER_PATHS = NO;
				CLANG_ANALYZER_NONNULL = YES;
				CLANG_ANALYZER_NUMBER_OBJECT_CONVERSION = YES_AGGRESSIVE;
				CLANG_CXX_LANGUAGE_STANDARD = "gnu++14";
				CLANG_CXX_LIBRARY = "libc++";
				CLANG_ENABLE_MODULES = YES;
				CLANG_ENABLE_OBJC_ARC = YES;
				CLANG_ENABLE_OBJC_WEAK = YES;
				CLANG_WARN_BLOCK_CAPTURE_AUTORELEASING = YES;
				CLANG_WARN_BOOL_CONVERSION = YES;
				CLANG_WARN_COMMA = YES;
				CLANG_WARN_CONSTANT_CONVERSION = YES;
				CLANG_WARN_DEPRECATED_OBJC_IMPLEMENTATIONS = YES;
				CLANG_WARN_DIRECT_OBJC_ISA_USAGE = YES_ERROR;
				CLANG_WARN_DOCUMENTATION_COMMENTS = YES;
				CLANG_WARN_EMPTY_BODY = YES;
				CLANG_WARN_ENUM_CONVERSION = YES;
				CLANG_WARN_INFINITE_RECURSION = YES;
				CLANG_WARN_INT_CONVERSION = YES;
				CLANG_WARN_NON_LITERAL_NULL_CONVERSION = YES;
				CLANG_WARN_OBJC_IMPLICIT_RETAIN_SELF = YES;
				CLANG_WARN_OBJC_LITERAL_CONVERSION = YES;
				CLANG_WARN_OBJC_ROOT_CLASS = YES_ERROR;
				CLANG_WARN_RANGE_LOOP_ANALYSIS = YES;
				CLANG_WARN_STRICT_PROTOTYPES = YES;
				CLANG_WARN_SUSPICIOUS_MOVE = YES;
				CLANG_WARN_UNGUARDED_AVAILABILITY = YES_AGGRESSIVE;
				CLANG_WARN_UNREACHABLE_CODE = YES;
				CLANG_WARN__DUPLICATE_METHOD_MATCH = YES;
				CODE_SIGN_IDENTITY = "iPhone Developer";
				COPY_PHASE_STRIP = NO;
				DEBUG_INFORMATION_FORMAT = dwarf;
				ENABLE_STRICT_OBJC_MSGSEND = YES;
				ENABLE_TESTABILITY = YES;
				GCC_C_LANGUAGE_STANDARD = gnu11;
				GCC_DYNAMIC_NO_PIC = NO;
				GCC_NO_COMMON_BLOCKS = YES;
				GCC_OPTIMIZATION_LEVEL = 0;
				GCC_PREPROCESSOR_DEFINITIONS = (
					"DEBUG=1",
					"$(inherited)",
				);
				GCC_WARN_64_TO_32_BIT_CONVERSION = YES;
				GCC_WARN_ABOUT_RETURN_TYPE = YES_ERROR;
				GCC_WARN_UNDECLARED_SELECTOR = YES;
				GCC_WARN_UNINITIALIZED_AUTOS = YES_AGGRESSIVE;
				GCC_WARN_UNUSED_FUNCTION = YES;
				GCC_WARN_UNUSED_VARIABLE = YES;
				IPHONEOS_DEPLOYMENT_TARGET = 11.0;
				MTL_ENABLE_DEBUG_INFO = INCLUDE_SOURCE;
				MTL_FAST_MATH = YES;
				ONLY_ACTIVE_ARCH = YES;
				SDKROOT = iphoneos;
				SWIFT_ACTIVE_COMPILATION_CONDITIONS = DEBUG;
				SWIFT_OPTIMIZATION_LEVEL = "-Onone";
			};
			name = Debug;
		};
		14CE19A722BE4E60002813F1 /* Release */ = {
			isa = XCBuildConfiguration;
			buildSettings = {
				ALWAYS_SEARCH_USER_PATHS = NO;
				CLANG_ANALYZER_NONNULL = YES;
				CLANG_ANALYZER_NUMBER_OBJECT_CONVERSION = YES_AGGRESSIVE;
				CLANG_CXX_LANGUAGE_STANDARD = "gnu++14";
				CLANG_CXX_LIBRARY = "libc++";
				CLANG_ENABLE_MODULES = YES;
				CLANG_ENABLE_OBJC_ARC = YES;
				CLANG_ENABLE_OBJC_WEAK = YES;
				CLANG_WARN_BLOCK_CAPTURE_AUTORELEASING = YES;
				CLANG_WARN_BOOL_CONVERSION = YES;
				CLANG_WARN_COMMA = YES;
				CLANG_WARN_CONSTANT_CONVERSION = YES;
				CLANG_WARN_DEPRECATED_OBJC_IMPLEMENTATIONS = YES;
				CLANG_WARN_DIRECT_OBJC_ISA_USAGE = YES_ERROR;
				CLANG_WARN_DOCUMENTATION_COMMENTS = YES;
				CLANG_WARN_EMPTY_BODY = YES;
				CLANG_WARN_ENUM_CONVERSION = YES;
				CLANG_WARN_INFINITE_RECURSION = YES;
				CLANG_WARN_INT_CONVERSION = YES;
				CLANG_WARN_NON_LITERAL_NULL_CONVERSION = YES;
				CLANG_WARN_OBJC_IMPLICIT_RETAIN_SELF = YES;
				CLANG_WARN_OBJC_LITERAL_CONVERSION = YES;
				CLANG_WARN_OBJC_ROOT_CLASS = YES_ERROR;
				CLANG_WARN_RANGE_LOOP_ANALYSIS = YES;
				CLANG_WARN_STRICT_PROTOTYPES = YES;
				CLANG_WARN_SUSPICIOUS_MOVE = YES;
				CLANG_WARN_UNGUARDED_AVAILABILITY = YES_AGGRESSIVE;
				CLANG_WARN_UNREACHABLE_CODE = YES;
				CLANG_WARN__DUPLICATE_METHOD_MATCH = YES;
				CODE_SIGN_IDENTITY = "iPhone Developer";
				COPY_PHASE_STRIP = NO;
				DEBUG_INFORMATION_FORMAT = "dwarf-with-dsym";
				ENABLE_NS_ASSERTIONS = NO;
				ENABLE_STRICT_OBJC_MSGSEND = YES;
				GCC_C_LANGUAGE_STANDARD = gnu11;
				GCC_NO_COMMON_BLOCKS = YES;
				GCC_WARN_64_TO_32_BIT_CONVERSION = YES;
				GCC_WARN_ABOUT_RETURN_TYPE = YES_ERROR;
				GCC_WARN_UNDECLARED_SELECTOR = YES;
				GCC_WARN_UNINITIALIZED_AUTOS = YES_AGGRESSIVE;
				GCC_WARN_UNUSED_FUNCTION = YES;
				GCC_WARN_UNUSED_VARIABLE = YES;
				IPHONEOS_DEPLOYMENT_TARGET = 11.0;
				MTL_ENABLE_DEBUG_INFO = NO;
				MTL_FAST_MATH = YES;
				SDKROOT = iphoneos;
				SWIFT_COMPILATION_MODE = wholemodule;
				SWIFT_OPTIMIZATION_LEVEL = "-O";
				VALIDATE_PRODUCT = YES;
			};
			name = Release;
		};
		14CE19A922BE4E60002813F1 /* Debug */ = {
			isa = XCBuildConfiguration;
			baseConfigurationReference = 7987C3A77DBDC3DB1C212581 /* Pods-HackerRankProject.debug.xcconfig */;
			buildSettings = {
				ASSETCATALOG_COMPILER_APPICON_NAME = AppIcon;
				CODE_SIGN_STYLE = Automatic;
				DEVELOPMENT_TEAM = 46B8J37SY4;
				INFOPLIST_FILE = HackerRankProject/Info.plist;
				IPHONEOS_DEPLOYMENT_TARGET = 11.0;
				LD_RUNPATH_SEARCH_PATHS = (
					"$(inherited)",
					"@executable_path/Frameworks",
				);
				PRODUCT_BUNDLE_IDENTIFIER = com.harish.HackerRankProject;
				PRODUCT_NAME = "$(TARGET_NAME)";
				SWIFT_VERSION = 4.2;
				TARGETED_DEVICE_FAMILY = "1,2";
			};
			name = Debug;
		};
		14CE19AA22BE4E60002813F1 /* Release */ = {
			isa = XCBuildConfiguration;
			baseConfigurationReference = 79D5E6B71D73E551B728D8FB /* Pods-HackerRankProject.release.xcconfig */;
			buildSettings = {
				ASSETCATALOG_COMPILER_APPICON_NAME = AppIcon;
				CODE_SIGN_STYLE = Automatic;
				DEVELOPMENT_TEAM = 46B8J37SY4;
				INFOPLIST_FILE = HackerRankProject/Info.plist;
				IPHONEOS_DEPLOYMENT_TARGET = 11.0;
				LD_RUNPATH_SEARCH_PATHS = (
					"$(inherited)",
					"@executable_path/Frameworks",
				);
				PRODUCT_BUNDLE_IDENTIFIER = com.harish.HackerRankProject;
				PRODUCT_NAME = "$(TARGET_NAME)";
				SWIFT_VERSION = 4.2;
				TARGETED_DEVICE_FAMILY = "1,2";
			};
			name = Release;
		};
		14CE19AC22BE4E60002813F1 /* Debug */ = {
			isa = XCBuildConfiguration;
			baseConfigurationReference = A8B197E6F3350489241C903C /* Pods-HackerRankProjectTests.debug.xcconfig */;
			buildSettings = {
				ALWAYS_EMBED_SWIFT_STANDARD_LIBRARIES = YES;
				BUNDLE_LOADER = "$(TEST_HOST)";
				CODE_SIGN_STYLE = Automatic;
				INFOPLIST_FILE = HackerRankProjectTests/Info.plist;
				LD_RUNPATH_SEARCH_PATHS = (
					"$(inherited)",
					"@executable_path/Frameworks",
					"@loader_path/Frameworks",
				);
				PRODUCT_BUNDLE_IDENTIFIER = com.harish.HackerRankProjectTests;
				PRODUCT_NAME = "$(TARGET_NAME)";
				SWIFT_VERSION = 4.2;
				TARGETED_DEVICE_FAMILY = "1,2";
				TEST_HOST = "$(BUILT_PRODUCTS_DIR)/HackerRankProject.app/HackerRankProject";
			};
			name = Debug;
		};
		14CE19AD22BE4E60002813F1 /* Release */ = {
			isa = XCBuildConfiguration;
			baseConfigurationReference = 0F982EB302A12532828D067A /* Pods-HackerRankProjectTests.release.xcconfig */;
			buildSettings = {
				ALWAYS_EMBED_SWIFT_STANDARD_LIBRARIES = YES;
				BUNDLE_LOADER = "$(TEST_HOST)";
				CODE_SIGN_STYLE = Automatic;
				INFOPLIST_FILE = HackerRankProjectTests/Info.plist;
				LD_RUNPATH_SEARCH_PATHS = (
					"$(inherited)",
					"@executable_path/Frameworks",
					"@loader_path/Frameworks",
				);
				PRODUCT_BUNDLE_IDENTIFIER = com.harish.HackerRankProjectTests;
				PRODUCT_NAME = "$(TARGET_NAME)";
				SWIFT_VERSION = 4.2;
				TARGETED_DEVICE_FAMILY = "1,2";
				TEST_HOST = "$(BUILT_PRODUCTS_DIR)/HackerRankProject.app/HackerRankProject";
			};
			name = Release;
		};
		14CE19AF22BE4E60002813F1 /* Debug */ = {
			isa = XCBuildConfiguration;
			baseConfigurationReference = 66034FF3808DBE89ADF5D204 /* Pods-HackerRankProjectUITests.debug.xcconfig */;
			buildSettings = {
				ALWAYS_EMBED_SWIFT_STANDARD_LIBRARIES = YES;
				CODE_SIGN_STYLE = Automatic;
				INFOPLIST_FILE = HackerRankProjectUITests/Info.plist;
				LD_RUNPATH_SEARCH_PATHS = (
					"$(inherited)",
					"@executable_path/Frameworks",
					"@loader_path/Frameworks",
				);
				PRODUCT_BUNDLE_IDENTIFIER = com.harish.HackerRankProjectUITests;
				PRODUCT_NAME = "$(TARGET_NAME)";
				SWIFT_VERSION = 4.2;
				TARGETED_DEVICE_FAMILY = "1,2";
				TEST_TARGET_NAME = HackerRankProject;
			};
			name = Debug;
		};
		14CE19B022BE4E60002813F1 /* Release */ = {
			isa = XCBuildConfiguration;
			baseConfigurationReference = D1B73B9B56908134A5432678 /* Pods-HackerRankProjectUITests.release.xcconfig */;
			buildSettings = {
				ALWAYS_EMBED_SWIFT_STANDARD_LIBRARIES = YES;
				CODE_SIGN_STYLE = Automatic;
				INFOPLIST_FILE = HackerRankProjectUITests/Info.plist;
				LD_RUNPATH_SEARCH_PATHS = (
					"$(inherited)",
					"@executable_path/Frameworks",
					"@loader_path/Frameworks",
				);
				PRODUCT_BUNDLE_IDENTIFIER = com.harish.HackerRankProjectUITests;
				PRODUCT_NAME = "$(TARGET_NAME)";
				SWIFT_VERSION = 4.2;
				TARGETED_DEVICE_FAMILY = "1,2";
				TEST_TARGET_NAME = HackerRankProject;
			};
			name = Release;
		};
/* End XCBuildConfiguration section */

/* Begin XCConfigurationList section */
		14CE197B22BE4E5F002813F1 /* Build configuration list for PBXProject "HackerRankProject" */ = {
			isa = XCConfigurationList;
			buildConfigurations = (
				14CE19A622BE4E60002813F1 /* Debug */,
				14CE19A722BE4E60002813F1 /* Release */,
			);
			defaultConfigurationIsVisible = 0;
			defaultConfigurationName = Release;
		};
		14CE19A822BE4E60002813F1 /* Build configuration list for PBXNativeTarget "HackerRankProject" */ = {
			isa = XCConfigurationList;
			buildConfigurations = (
				14CE19A922BE4E60002813F1 /* Debug */,
				14CE19AA22BE4E60002813F1 /* Release */,
			);
			defaultConfigurationIsVisible = 0;
			defaultConfigurationName = Release;
		};
		14CE19AB22BE4E60002813F1 /* Build configuration list for PBXNativeTarget "HackerRankProjectTests" */ = {
			isa = XCConfigurationList;
			buildConfigurations = (
				14CE19AC22BE4E60002813F1 /* Debug */,
				14CE19AD22BE4E60002813F1 /* Release */,
			);
			defaultConfigurationIsVisible = 0;
			defaultConfigurationName = Release;
		};
		14CE19AE22BE4E60002813F1 /* Build configuration list for PBXNativeTarget "HackerRankProjectUITests" */ = {
			isa = XCConfigurationList;
			buildConfigurations = (
				14CE19AF22BE4E60002813F1 /* Debug */,
				14CE19B022BE4E60002813F1 /* Release */,
			);
			defaultConfigurationIsVisible = 0;
			defaultConfigurationName = Release;
		};
/* End XCConfigurationList section */
	};
	rootObject = 14CE197822BE4E5F002813F1 /* Project object */;
}
